
Microsoft Visual Studio Solution File, Format Version 12.00
# Visual Studio Version 17
VisualStudioVersion = 17.3.32825.248
MinimumVisualStudioVersion = 10.0.40219.1
Project("{FAE04EC0-301F-11D3-BF4B-00C04F79EFBC}") = "Proctoc7", "Proctoc7\Proctoc7.csproj", "{22634155-E8BC-4C76-A5F7-EC53A06653E3}"
EndProject
Global
	GlobalSection(SolutionConfigurationPlatforms) = preSolution
		Debug|Any CPU = Debug|Any CPU
		Release|Any CPU = Release|Any CPU
	EndGlobalSection
	GlobalSection(ProjectConfigurationPlatforms) = postSolution
		{22634155-E8BC-4C76-A5F7-EC53A06653E3}.Debug|Any CPU.ActiveCfg = Debug|Any CPU
		{22634155-E8BC-4C76-A5F7-EC53A06653E3}.Debug|Any CPU.Build.0 = Debug|Any CPU
		{22634155-E8BC-4C76-A5F7-EC53A06653E3}.Release|Any CPU.ActiveCfg = Release|Any CPU
		{22634155-E8BC-4C76-A5F7-EC53A06653E3}.Release|Any CPU.Build.0 = Release|Any CPU
	EndGlobalSection
	GlobalSection(SolutionProperties) = preSolution
		HideSolutionNode = FALSE
	EndGlobalSection
	GlobalSection(ExtensibilityGlobals) = postSolution
		SolutionGuid = {BC11CD29-2976-4B7A-94F0-0290E2963AEA}
	EndGlobalSection
EndGlobal
